// !$*UTF8*$!
{
	archiveVersion = 1;
	classes = {
	};
	objectVersion = 55;
	objects = {

/* Begin PBXBuildFile section */
		000C72E12A870E130064729E /* SurveyRow.swift in Sources */ = {isa = PBXBuildFile; fileRef = 000C72DE2A870E130064729E /* SurveyRow.swift */; };
		000C72E52A871A440064729E /* TallyResponseView.swift in Sources */ = {isa = PBXBuildFile; fileRef = 000C72E42A871A440064729E /* TallyResponseView.swift */; };
		000C72E92A8ACD810064729E /* SetPredictionView.swift in Sources */ = {isa = PBXBuildFile; fileRef = 000C72E82A8ACD810064729E /* SetPredictionView.swift */; };
		000C72EB2A8B29900064729E /* JoinSurveyView.swift in Sources */ = {isa = PBXBuildFile; fileRef = 000C72EA2A8B29900064729E /* JoinSurveyView.swift */; };
		000C72ED2A8C360A0064729E /* MainView.swift in Sources */ = {isa = PBXBuildFile; fileRef = 000C72EC2A8C360A0064729E /* MainView.swift */; };
		000C72EF2A8D33290064729E /* SurveyList.swift in Sources */ = {isa = PBXBuildFile; fileRef = 000C72EE2A8D33290064729E /* SurveyList.swift */; };
		000C72F32A8D971B0064729E /* Status.swift in Sources */ = {isa = PBXBuildFile; fileRef = 000C72F22A8D971B0064729E /* Status.swift */; };
		000C732F2A8E752B0064729E /* OwnerActionsView.swift in Sources */ = {isa = PBXBuildFile; fileRef = 000C732E2A8E752B0064729E /* OwnerActionsView.swift */; };
		000C73312A8E7DAB0064729E /* TallyResponseButton.swift in Sources */ = {isa = PBXBuildFile; fileRef = 000C73302A8E7DAB0064729E /* TallyResponseButton.swift */; };
		000C73332A8E8A730064729E /* ViewPredictionView.swift in Sources */ = {isa = PBXBuildFile; fileRef = 000C73322A8E8A730064729E /* ViewPredictionView.swift */; };
		000C73372A8FF2670064729E /* FinalResultsView.swift in Sources */ = {isa = PBXBuildFile; fileRef = 000C73362A8FF2670064729E /* FinalResultsView.swift */; };
		000C73392A9451240064729E /* SurveyRowColorView.swift in Sources */ = {isa = PBXBuildFile; fileRef = 000C73382A9451240064729E /* SurveyRowColorView.swift */; };
		000C733B2A956FE30064729E /* StringUtils.swift in Sources */ = {isa = PBXBuildFile; fileRef = 000C733A2A956FE30064729E /* StringUtils.swift */; };
		0050011E2A97A634001343B9 /* AddSurveyView.swift in Sources */ = {isa = PBXBuildFile; fileRef = 0050011D2A97A634001343B9 /* AddSurveyView.swift */; };
		005001202A9906D3001343B9 /* PineappleMessageView.swift in Sources */ = {isa = PBXBuildFile; fileRef = 0050011F2A9906D3001343B9 /* PineappleMessageView.swift */; };
		00D058B92AA2AEC8006FE5E6 /* CompletedSurveyDetailView.swift in Sources */ = {isa = PBXBuildFile; fileRef = 00D058B82AA2AEC8006FE5E6 /* CompletedSurveyDetailView.swift */; };
		00D058BB2AA2AECA006FE5E6 /* NotCompletedSurveyDetailView.swift in Sources */ = {isa = PBXBuildFile; fileRef = 00D058BA2AA2AECA006FE5E6 /* NotCompletedSurveyDetailView.swift */; };
		00D058BD2AA2AED6006FE5E6 /* SurveyQuestionInfoView.swift in Sources */ = {isa = PBXBuildFile; fileRef = 00D058BC2AA2AED6006FE5E6 /* SurveyQuestionInfoView.swift */; };
		00D058BF2AA2AED9006FE5E6 /* SurveyDetailView.swift in Sources */ = {isa = PBXBuildFile; fileRef = 00D058BE2AA2AED9006FE5E6 /* SurveyDetailView.swift */; };
		00D058C12AA2AEDB006FE5E6 /* SurveyQuestionSection.swift in Sources */ = {isa = PBXBuildFile; fileRef = 00D058C02AA2AEDB006FE5E6 /* SurveyQuestionSection.swift */; };
		68D3DF5A2942677E005209D9 /* Constants.swift in Sources */ = {isa = PBXBuildFile; fileRef = 68D3DF592942677E005209D9 /* Constants.swift */; };
		911F548827C6A2BC005D4876 /* AppConfig.swift in Sources */ = {isa = PBXBuildFile; fileRef = 911F548727C6A2BC005D4876 /* AppConfig.swift */; };
		912196BE27C6868100407648 /* atlasConfig.plist in Resources */ = {isa = PBXBuildFile; fileRef = 912196BD27C6868100407648 /* atlasConfig.plist */; };
		913D464B2770E46800ABE7D3 /* App.swift in Sources */ = {isa = PBXBuildFile; fileRef = 913D464A2770E46800ABE7D3 /* App.swift */; };
		913D464D2770E46800ABE7D3 /* ContentView.swift in Sources */ = {isa = PBXBuildFile; fileRef = 913D464C2770E46800ABE7D3 /* ContentView.swift */; };
		913D464F2770E46A00ABE7D3 /* Assets.xcassets in Resources */ = {isa = PBXBuildFile; fileRef = 913D464E2770E46A00ABE7D3 /* Assets.xcassets */; };
		913D46522770E46A00ABE7D3 /* Preview Assets.xcassets in Resources */ = {isa = PBXBuildFile; fileRef = 913D46512770E46A00ABE7D3 /* Preview Assets.xcassets */; };
		913D465E2770E7DF00ABE7D3 /* Survey.swift in Sources */ = {isa = PBXBuildFile; fileRef = 913D465D2770E7DF00ABE7D3 /* Survey.swift */; };
		913D46602770E94500ABE7D3 /* CreateSurveyView.swift in Sources */ = {isa = PBXBuildFile; fileRef = 913D465F2770E94500ABE7D3 /* CreateSurveyView.swift */; };
		913D46622770F0C600ABE7D3 /* LoginView.swift in Sources */ = {isa = PBXBuildFile; fileRef = 913D46612770F0C600ABE7D3 /* LoginView.swift */; };
		915E413A284937E700D7C234 /* Realm in Frameworks */ = {isa = PBXBuildFile; productRef = 915E4139284937E700D7C234 /* Realm */; };
		915E413C284937E700D7C234 /* RealmSwift in Frameworks */ = {isa = PBXBuildFile; productRef = 915E413B284937E700D7C234 /* RealmSwift */; };
		917097DC27A05EBC00F1D65B /* LogoutButton.swift in Sources */ = {isa = PBXBuildFile; fileRef = 917097DB27A05EBC00F1D65B /* LogoutButton.swift */; };
		917097DE27A05F0000F1D65B /* OpenRealmView.swift in Sources */ = {isa = PBXBuildFile; fileRef = 917097DD27A05F0000F1D65B /* OpenRealmView.swift */; };
		91DF3EEA27AAE18F0020D937 /* ErrorView.swift in Sources */ = {isa = PBXBuildFile; fileRef = 91DF3EE927AAE18F0020D937 /* ErrorView.swift */; };
/* End PBXBuildFile section */

/* Begin PBXFileReference section */
		000C72DE2A870E130064729E /* SurveyRow.swift */ = {isa = PBXFileReference; fileEncoding = 4; lastKnownFileType = sourcecode.swift; path = SurveyRow.swift; sourceTree = "<group>"; };
		000C72E42A871A440064729E /* TallyResponseView.swift */ = {isa = PBXFileReference; lastKnownFileType = sourcecode.swift; path = TallyResponseView.swift; sourceTree = "<group>"; };
		000C72E82A8ACD810064729E /* SetPredictionView.swift */ = {isa = PBXFileReference; lastKnownFileType = sourcecode.swift; path = SetPredictionView.swift; sourceTree = "<group>"; };
		000C72EA2A8B29900064729E /* JoinSurveyView.swift */ = {isa = PBXFileReference; lastKnownFileType = sourcecode.swift; path = JoinSurveyView.swift; sourceTree = "<group>"; };
		000C72EC2A8C360A0064729E /* MainView.swift */ = {isa = PBXFileReference; lastKnownFileType = sourcecode.swift; path = MainView.swift; sourceTree = "<group>"; };
		000C72EE2A8D33290064729E /* SurveyList.swift */ = {isa = PBXFileReference; lastKnownFileType = sourcecode.swift; path = SurveyList.swift; sourceTree = "<group>"; };
		000C72F22A8D971B0064729E /* Status.swift */ = {isa = PBXFileReference; lastKnownFileType = sourcecode.swift; path = Status.swift; sourceTree = "<group>"; };
		000C732E2A8E752B0064729E /* OwnerActionsView.swift */ = {isa = PBXFileReference; lastKnownFileType = sourcecode.swift; path = OwnerActionsView.swift; sourceTree = "<group>"; };
		000C73302A8E7DAB0064729E /* TallyResponseButton.swift */ = {isa = PBXFileReference; lastKnownFileType = sourcecode.swift; path = TallyResponseButton.swift; sourceTree = "<group>"; };
		000C73322A8E8A730064729E /* ViewPredictionView.swift */ = {isa = PBXFileReference; lastKnownFileType = sourcecode.swift; path = ViewPredictionView.swift; sourceTree = "<group>"; };
		000C73362A8FF2670064729E /* FinalResultsView.swift */ = {isa = PBXFileReference; lastKnownFileType = sourcecode.swift; path = FinalResultsView.swift; sourceTree = "<group>"; };
		000C73382A9451240064729E /* SurveyRowColorView.swift */ = {isa = PBXFileReference; lastKnownFileType = sourcecode.swift; path = SurveyRowColorView.swift; sourceTree = "<group>"; };
		000C733A2A956FE30064729E /* StringUtils.swift */ = {isa = PBXFileReference; lastKnownFileType = sourcecode.swift; path = StringUtils.swift; sourceTree = "<group>"; };
		0050011D2A97A634001343B9 /* AddSurveyView.swift */ = {isa = PBXFileReference; lastKnownFileType = sourcecode.swift; path = AddSurveyView.swift; sourceTree = "<group>"; };
		0050011F2A9906D3001343B9 /* PineappleMessageView.swift */ = {isa = PBXFileReference; lastKnownFileType = sourcecode.swift; path = PineappleMessageView.swift; sourceTree = "<group>"; };
		00D058B82AA2AEC8006FE5E6 /* CompletedSurveyDetailView.swift */ = {isa = PBXFileReference; lastKnownFileType = sourcecode.swift; path = CompletedSurveyDetailView.swift; sourceTree = "<group>"; };
		00D058BA2AA2AECA006FE5E6 /* NotCompletedSurveyDetailView.swift */ = {isa = PBXFileReference; lastKnownFileType = sourcecode.swift; path = NotCompletedSurveyDetailView.swift; sourceTree = "<group>"; };
		00D058BC2AA2AED6006FE5E6 /* SurveyQuestionInfoView.swift */ = {isa = PBXFileReference; lastKnownFileType = sourcecode.swift; path = SurveyQuestionInfoView.swift; sourceTree = "<group>"; };
		00D058BE2AA2AED9006FE5E6 /* SurveyDetailView.swift */ = {isa = PBXFileReference; lastKnownFileType = sourcecode.swift; path = SurveyDetailView.swift; sourceTree = "<group>"; };
		00D058C02AA2AEDB006FE5E6 /* SurveyQuestionSection.swift */ = {isa = PBXFileReference; lastKnownFileType = sourcecode.swift; path = SurveyQuestionSection.swift; sourceTree = "<group>"; };
		68D3DF592942677E005209D9 /* Constants.swift */ = {isa = PBXFileReference; lastKnownFileType = sourcecode.swift; path = Constants.swift; sourceTree = "<group>"; };
		911F548727C6A2BC005D4876 /* AppConfig.swift */ = {isa = PBXFileReference; lastKnownFileType = sourcecode.swift; path = AppConfig.swift; sourceTree = "<group>"; };
		912196BD27C6868100407648 /* atlasConfig.plist */ = {isa = PBXFileReference; lastKnownFileType = text.plist.xml; path = atlasConfig.plist; sourceTree = "<group>"; };
		913D46472770E46800ABE7D3 /* Pineapple On Pizza.app */ = {isa = PBXFileReference; explicitFileType = wrapper.application; includeInIndex = 0; path = "Pineapple On Pizza.app"; sourceTree = BUILT_PRODUCTS_DIR; };
		913D464A2770E46800ABE7D3 /* App.swift */ = {isa = PBXFileReference; lastKnownFileType = sourcecode.swift; path = App.swift; sourceTree = "<group>"; };
		913D464C2770E46800ABE7D3 /* ContentView.swift */ = {isa = PBXFileReference; lastKnownFileType = sourcecode.swift; path = ContentView.swift; sourceTree = "<group>"; };
		913D464E2770E46A00ABE7D3 /* Assets.xcassets */ = {isa = PBXFileReference; lastKnownFileType = folder.assetcatalog; path = Assets.xcassets; sourceTree = "<group>"; };
		913D46512770E46A00ABE7D3 /* Preview Assets.xcassets */ = {isa = PBXFileReference; lastKnownFileType = folder.assetcatalog; path = "Preview Assets.xcassets"; sourceTree = "<group>"; };
		913D465D2770E7DF00ABE7D3 /* Survey.swift */ = {isa = PBXFileReference; lastKnownFileType = sourcecode.swift; path = Survey.swift; sourceTree = "<group>"; };
		913D465F2770E94500ABE7D3 /* CreateSurveyView.swift */ = {isa = PBXFileReference; lastKnownFileType = sourcecode.swift; path = CreateSurveyView.swift; sourceTree = "<group>"; };
		913D46612770F0C600ABE7D3 /* LoginView.swift */ = {isa = PBXFileReference; lastKnownFileType = sourcecode.swift; path = LoginView.swift; sourceTree = "<group>"; };
		917097DB27A05EBC00F1D65B /* LogoutButton.swift */ = {isa = PBXFileReference; lastKnownFileType = sourcecode.swift; path = LogoutButton.swift; sourceTree = "<group>"; };
		917097DD27A05F0000F1D65B /* OpenRealmView.swift */ = {isa = PBXFileReference; lastKnownFileType = sourcecode.swift; path = OpenRealmView.swift; sourceTree = "<group>"; };
		91DF3EE927AAE18F0020D937 /* ErrorView.swift */ = {isa = PBXFileReference; lastKnownFileType = sourcecode.swift; path = ErrorView.swift; sourceTree = "<group>"; };
/* End PBXFileReference section */

/* Begin PBXFrameworksBuildPhase section */
		913D46442770E46800ABE7D3 /* Frameworks */ = {
			isa = PBXFrameworksBuildPhase;
			buildActionMask = 2147483647;
			files = (
				915E413C284937E700D7C234 /* RealmSwift in Frameworks */,
				915E413A284937E700D7C234 /* Realm in Frameworks */,
			);
			runOnlyForDeploymentPostprocessing = 0;
		};
/* End PBXFrameworksBuildPhase section */

/* Begin PBXGroup section */
		00D058B52AA2AEAD006FE5E6 /* SurveyDetail */ = {
			isa = PBXGroup;
			children = (
				00D058BE2AA2AED9006FE5E6 /* SurveyDetailView.swift */,
				00D058BA2AA2AECA006FE5E6 /* NotCompletedSurveyDetailView.swift */,
				00D058B82AA2AEC8006FE5E6 /* CompletedSurveyDetailView.swift */,
				00D058BC2AA2AED6006FE5E6 /* SurveyQuestionInfoView.swift */,
				00D058C02AA2AEDB006FE5E6 /* SurveyQuestionSection.swift */,
			);
			path = SurveyDetail;
			sourceTree = "<group>";
		};
		00D058C22AA2AF36006FE5E6 /* Realm */ = {
			isa = PBXGroup;
			children = (
				913D464C2770E46800ABE7D3 /* ContentView.swift */,
				917097DD27A05F0000F1D65B /* OpenRealmView.swift */,
				913D46612770F0C600ABE7D3 /* LoginView.swift */,
				917097DB27A05EBC00F1D65B /* LogoutButton.swift */,
				91DF3EE927AAE18F0020D937 /* ErrorView.swift */,
			);
			path = Realm;
			sourceTree = "<group>";
		};
		00D058C32AA2AF69006FE5E6 /* Actions */ = {
			isa = PBXGroup;
			children = (
				0050011D2A97A634001343B9 /* AddSurveyView.swift */,
				913D465F2770E94500ABE7D3 /* CreateSurveyView.swift */,
				000C72EA2A8B29900064729E /* JoinSurveyView.swift */,
				000C72E82A8ACD810064729E /* SetPredictionView.swift */,
				000C73322A8E8A730064729E /* ViewPredictionView.swift */,
				000C73302A8E7DAB0064729E /* TallyResponseButton.swift */,
				000C72E42A871A440064729E /* TallyResponseView.swift */,
				000C732E2A8E752B0064729E /* OwnerActionsView.swift */,
			);
			path = Actions;
			sourceTree = "<group>";
		};
		00D058C42AA2AF9E006FE5E6 /* Components */ = {
			isa = PBXGroup;
			children = (
				000C72DE2A870E130064729E /* SurveyRow.swift */,
				000C73382A9451240064729E /* SurveyRowColorView.swift */,
				0050011F2A9906D3001343B9 /* PineappleMessageView.swift */,
			);
			path = Components;
			sourceTree = "<group>";
		};
		913D463E2770E46800ABE7D3 = {
			isa = PBXGroup;
			children = (
				913D46492770E46800ABE7D3 /* PineappleOnPizza */,
				913D46482770E46800ABE7D3 /* Products */,
			);
			sourceTree = "<group>";
		};
		913D46482770E46800ABE7D3 /* Products */ = {
			isa = PBXGroup;
			children = (
				913D46472770E46800ABE7D3 /* Pineapple On Pizza.app */,
			);
			name = Products;
			sourceTree = "<group>";
		};
		913D46492770E46800ABE7D3 /* PineappleOnPizza */ = {
			isa = PBXGroup;
			children = (
				911F548727C6A2BC005D4876 /* AppConfig.swift */,
				913D464E2770E46A00ABE7D3 /* Assets.xcassets */,
				913D46502770E46A00ABE7D3 /* Preview Content */,
				912196BD27C6868100407648 /* atlasConfig.plist */,
				913D464A2770E46800ABE7D3 /* App.swift */,
				913D465D2770E7DF00ABE7D3 /* Survey.swift */,
				68D3DF592942677E005209D9 /* Constants.swift */,
				000C72F22A8D971B0064729E /* Status.swift */,
				000C733A2A956FE30064729E /* StringUtils.swift */,
				917097E727A0600000F1D65B /* Views */,
			);
			name = PineappleOnPizza;
			path = /Users/davidfreifeld/workspace/PineappleOnPizza/PineappleOnPizza;
			sourceTree = "<absolute>";
		};
		913D46502770E46A00ABE7D3 /* Preview Content */ = {
			isa = PBXGroup;
			children = (
				913D46512770E46A00ABE7D3 /* Preview Assets.xcassets */,
			);
			path = "Preview Content";
			sourceTree = "<group>";
		};
		917097E727A0600000F1D65B /* Views */ = {
			isa = PBXGroup;
			children = (
				00D058C32AA2AF69006FE5E6 /* Actions */,
				00D058C42AA2AF9E006FE5E6 /* Components */,
				00D058C22AA2AF36006FE5E6 /* Realm */,
				00D058B52AA2AEAD006FE5E6 /* SurveyDetail */,
				000C72EC2A8C360A0064729E /* MainView.swift */,
				000C72EE2A8D33290064729E /* SurveyList.swift */,
				000C73362A8FF2670064729E /* FinalResultsView.swift */,
			);
			path = Views;
			sourceTree = "<group>";
		};
/* End PBXGroup section */

/* Begin PBXNativeTarget section */
		913D46462770E46800ABE7D3 /* PineappleOnPizza */ = {
			isa = PBXNativeTarget;
			buildConfigurationList = 913D46552770E46A00ABE7D3 /* Build configuration list for PBXNativeTarget "PineappleOnPizza" */;
			buildPhases = (
				913D46432770E46800ABE7D3 /* Sources */,
				913D46442770E46800ABE7D3 /* Frameworks */,
				913D46452770E46800ABE7D3 /* Resources */,
			);
			buildRules = (
			);
			dependencies = (
			);
			name = PineappleOnPizza;
			packageProductDependencies = (
				915E4139284937E700D7C234 /* Realm */,
				915E413B284937E700D7C234 /* RealmSwift */,
			);
			productName = "realm-template-apps-swiftui";
			productReference = 913D46472770E46800ABE7D3 /* Pineapple On Pizza.app */;
			productType = "com.apple.product-type.application";
		};
/* End PBXNativeTarget section */

/* Begin PBXProject section */
		913D463F2770E46800ABE7D3 /* Project object */ = {
			isa = PBXProject;
			attributes = {
				BuildIndependentTargetsInParallel = 1;
				LastSwiftUpdateCheck = 1320;
				LastUpgradeCheck = 1320;
				TargetAttributes = {
					913D46462770E46800ABE7D3 = {
						CreatedOnToolsVersion = 13.2.1;
					};
				};
			};
			buildConfigurationList = 913D46422770E46800ABE7D3 /* Build configuration list for PBXProject "PineappleOnPizza" */;
			compatibilityVersion = "Xcode 13.0";
			developmentRegion = en;
			hasScannedForEncodings = 0;
			knownRegions = (
				en,
				Base,
			);
			mainGroup = 913D463E2770E46800ABE7D3;
			packageReferences = (
				915E4138284937E700D7C234 /* XCRemoteSwiftPackageReference "realm-swift" */,
			);
			productRefGroup = 913D46482770E46800ABE7D3 /* Products */;
			projectDirPath = "";
			projectRoot = "";
			targets = (
				913D46462770E46800ABE7D3 /* PineappleOnPizza */,
			);
		};
/* End PBXProject section */

/* Begin PBXResourcesBuildPhase section */
		913D46452770E46800ABE7D3 /* Resources */ = {
			isa = PBXResourcesBuildPhase;
			buildActionMask = 2147483647;
			files = (
				913D46522770E46A00ABE7D3 /* Preview Assets.xcassets in Resources */,
				913D464F2770E46A00ABE7D3 /* Assets.xcassets in Resources */,
				912196BE27C6868100407648 /* atlasConfig.plist in Resources */,
			);
			runOnlyForDeploymentPostprocessing = 0;
		};
/* End PBXResourcesBuildPhase section */

/* Begin PBXSourcesBuildPhase section */
		913D46432770E46800ABE7D3 /* Sources */ = {
			isa = PBXSourcesBuildPhase;
			buildActionMask = 2147483647;
			files = (
				000C72ED2A8C360A0064729E /* MainView.swift in Sources */,
				000C73312A8E7DAB0064729E /* TallyResponseButton.swift in Sources */,
				0050011E2A97A634001343B9 /* AddSurveyView.swift in Sources */,
				000C72EB2A8B29900064729E /* JoinSurveyView.swift in Sources */,
				917097DE27A05F0000F1D65B /* OpenRealmView.swift in Sources */,
				913D46622770F0C600ABE7D3 /* LoginView.swift in Sources */,
				000C733B2A956FE30064729E /* StringUtils.swift in Sources */,
				000C73332A8E8A730064729E /* ViewPredictionView.swift in Sources */,
				000C72E12A870E130064729E /* SurveyRow.swift in Sources */,
				000C72F32A8D971B0064729E /* Status.swift in Sources */,
				917097DC27A05EBC00F1D65B /* LogoutButton.swift in Sources */,
				000C72EF2A8D33290064729E /* SurveyList.swift in Sources */,
				913D464D2770E46800ABE7D3 /* ContentView.swift in Sources */,
				00D058B92AA2AEC8006FE5E6 /* CompletedSurveyDetailView.swift in Sources */,
				91DF3EEA27AAE18F0020D937 /* ErrorView.swift in Sources */,
				00D058BB2AA2AECA006FE5E6 /* NotCompletedSurveyDetailView.swift in Sources */,
				005001202A9906D3001343B9 /* PineappleMessageView.swift in Sources */,
				000C72E52A871A440064729E /* TallyResponseView.swift in Sources */,
				00D058BF2AA2AED9006FE5E6 /* SurveyDetailView.swift in Sources */,
				913D465E2770E7DF00ABE7D3 /* Survey.swift in Sources */,
				911F548827C6A2BC005D4876 /* AppConfig.swift in Sources */,
				000C72E92A8ACD810064729E /* SetPredictionView.swift in Sources */,
				68D3DF5A2942677E005209D9 /* Constants.swift in Sources */,
				000C73392A9451240064729E /* SurveyRowColorView.swift in Sources */,
				000C73372A8FF2670064729E /* FinalResultsView.swift in Sources */,
				00D058C12AA2AEDB006FE5E6 /* SurveyQuestionSection.swift in Sources */,
				913D464B2770E46800ABE7D3 /* App.swift in Sources */,
				000C732F2A8E752B0064729E /* OwnerActionsView.swift in Sources */,
				00D058BD2AA2AED6006FE5E6 /* SurveyQuestionInfoView.swift in Sources */,
				913D46602770E94500ABE7D3 /* CreateSurveyView.swift in Sources */,
			);
			runOnlyForDeploymentPostprocessing = 0;
		};
/* End PBXSourcesBuildPhase section */

/* Begin XCBuildConfiguration section */
		913D46532770E46A00ABE7D3 /* Debug */ = {
			isa = XCBuildConfiguration;
			buildSettings = {
				ALWAYS_SEARCH_USER_PATHS = NO;
				CLANG_ANALYZER_NONNULL = YES;
				CLANG_ANALYZER_NUMBER_OBJECT_CONVERSION = YES_AGGRESSIVE;
				CLANG_CXX_LANGUAGE_STANDARD = "gnu++17";
				CLANG_CXX_LIBRARY = "libc++";
				CLANG_ENABLE_MODULES = YES;
				CLANG_ENABLE_OBJC_ARC = YES;
				CLANG_ENABLE_OBJC_WEAK = YES;
				CLANG_WARN_BLOCK_CAPTURE_AUTORELEASING = YES;
				CLANG_WARN_BOOL_CONVERSION = YES;
				CLANG_WARN_COMMA = YES;
				CLANG_WARN_CONSTANT_CONVERSION = YES;
				CLANG_WARN_DEPRECATED_OBJC_IMPLEMENTATIONS = YES;
				CLANG_WARN_DIRECT_OBJC_ISA_USAGE = YES_ERROR;
				CLANG_WARN_DOCUMENTATION_COMMENTS = YES;
				CLANG_WARN_EMPTY_BODY = YES;
				CLANG_WARN_ENUM_CONVERSION = YES;
				CLANG_WARN_INFINITE_RECURSION = YES;
				CLANG_WARN_INT_CONVERSION = YES;
				CLANG_WARN_NON_LITERAL_NULL_CONVERSION = YES;
				CLANG_WARN_OBJC_IMPLICIT_RETAIN_SELF = YES;
				CLANG_WARN_OBJC_LITERAL_CONVERSION = YES;
				CLANG_WARN_OBJC_ROOT_CLASS = YES_ERROR;
				CLANG_WARN_QUOTED_INCLUDE_IN_FRAMEWORK_HEADER = YES;
				CLANG_WARN_RANGE_LOOP_ANALYSIS = YES;
				CLANG_WARN_STRICT_PROTOTYPES = YES;
				CLANG_WARN_SUSPICIOUS_MOVE = YES;
				CLANG_WARN_UNGUARDED_AVAILABILITY = YES_AGGRESSIVE;
				CLANG_WARN_UNREACHABLE_CODE = YES;
				CLANG_WARN__DUPLICATE_METHOD_MATCH = YES;
				COPY_PHASE_STRIP = NO;
				DEBUG_INFORMATION_FORMAT = dwarf;
				ENABLE_STRICT_OBJC_MSGSEND = YES;
				ENABLE_TESTABILITY = YES;
				GCC_C_LANGUAGE_STANDARD = gnu11;
				GCC_DYNAMIC_NO_PIC = NO;
				GCC_NO_COMMON_BLOCKS = YES;
				GCC_OPTIMIZATION_LEVEL = 0;
				GCC_PREPROCESSOR_DEFINITIONS = (
					"DEBUG=1",
					"$(inherited)",
				);
				GCC_WARN_64_TO_32_BIT_CONVERSION = YES;
				GCC_WARN_ABOUT_RETURN_TYPE = YES_ERROR;
				GCC_WARN_UNDECLARED_SELECTOR = YES;
				GCC_WARN_UNINITIALIZED_AUTOS = YES_AGGRESSIVE;
				GCC_WARN_UNUSED_FUNCTION = YES;
				GCC_WARN_UNUSED_VARIABLE = YES;
				IPHONEOS_DEPLOYMENT_TARGET = 16.0;
				MTL_ENABLE_DEBUG_INFO = INCLUDE_SOURCE;
				MTL_FAST_MATH = YES;
				ONLY_ACTIVE_ARCH = YES;
				PRODUCT_NAME = "Pineapple On Pizza";
				SDKROOT = iphoneos;
				SWIFT_ACTIVE_COMPILATION_CONDITIONS = DEBUG;
				SWIFT_OPTIMIZATION_LEVEL = "-Onone";
			};
			name = Debug;
		};
		913D46542770E46A00ABE7D3 /* Release */ = {
			isa = XCBuildConfiguration;
			buildSettings = {
				ALWAYS_SEARCH_USER_PATHS = NO;
				CLANG_ANALYZER_NONNULL = YES;
				CLANG_ANALYZER_NUMBER_OBJECT_CONVERSION = YES_AGGRESSIVE;
				CLANG_CXX_LANGUAGE_STANDARD = "gnu++17";
				CLANG_CXX_LIBRARY = "libc++";
				CLANG_ENABLE_MODULES = YES;
				CLANG_ENABLE_OBJC_ARC = YES;
				CLANG_ENABLE_OBJC_WEAK = YES;
				CLANG_WARN_BLOCK_CAPTURE_AUTORELEASING = YES;
				CLANG_WARN_BOOL_CONVERSION = YES;
				CLANG_WARN_COMMA = YES;
				CLANG_WARN_CONSTANT_CONVERSION = YES;
				CLANG_WARN_DEPRECATED_OBJC_IMPLEMENTATIONS = YES;
				CLANG_WARN_DIRECT_OBJC_ISA_USAGE = YES_ERROR;
				CLANG_WARN_DOCUMENTATION_COMMENTS = YES;
				CLANG_WARN_EMPTY_BODY = YES;
				CLANG_WARN_ENUM_CONVERSION = YES;
				CLANG_WARN_INFINITE_RECURSION = YES;
				CLANG_WARN_INT_CONVERSION = YES;
				CLANG_WARN_NON_LITERAL_NULL_CONVERSION = YES;
				CLANG_WARN_OBJC_IMPLICIT_RETAIN_SELF = YES;
				CLANG_WARN_OBJC_LITERAL_CONVERSION = YES;
				CLANG_WARN_OBJC_ROOT_CLASS = YES_ERROR;
				CLANG_WARN_QUOTED_INCLUDE_IN_FRAMEWORK_HEADER = YES;
				CLANG_WARN_RANGE_LOOP_ANALYSIS = YES;
				CLANG_WARN_STRICT_PROTOTYPES = YES;
				CLANG_WARN_SUSPICIOUS_MOVE = YES;
				CLANG_WARN_UNGUARDED_AVAILABILITY = YES_AGGRESSIVE;
				CLANG_WARN_UNREACHABLE_CODE = YES;
				CLANG_WARN__DUPLICATE_METHOD_MATCH = YES;
				COPY_PHASE_STRIP = NO;
				DEBUG_INFORMATION_FORMAT = "dwarf-with-dsym";
				ENABLE_NS_ASSERTIONS = NO;
				ENABLE_STRICT_OBJC_MSGSEND = YES;
				GCC_C_LANGUAGE_STANDARD = gnu11;
				GCC_NO_COMMON_BLOCKS = YES;
				GCC_WARN_64_TO_32_BIT_CONVERSION = YES;
				GCC_WARN_ABOUT_RETURN_TYPE = YES_ERROR;
				GCC_WARN_UNDECLARED_SELECTOR = YES;
				GCC_WARN_UNINITIALIZED_AUTOS = YES_AGGRESSIVE;
				GCC_WARN_UNUSED_FUNCTION = YES;
				GCC_WARN_UNUSED_VARIABLE = YES;
				IPHONEOS_DEPLOYMENT_TARGET = 16.0;
				MTL_ENABLE_DEBUG_INFO = NO;
				MTL_FAST_MATH = YES;
				PRODUCT_NAME = "Pineapple On Pizza";
				SDKROOT = iphoneos;
				SWIFT_COMPILATION_MODE = wholemodule;
				SWIFT_OPTIMIZATION_LEVEL = "-O";
				VALIDATE_PRODUCT = YES;
			};
			name = Release;
		};
		913D46562770E46A00ABE7D3 /* Debug */ = {
			isa = XCBuildConfiguration;
			buildSettings = {
				ASSETCATALOG_COMPILER_APPICON_NAME = AppIcon;
				ASSETCATALOG_COMPILER_GLOBAL_ACCENT_COLOR_NAME = AccentColor;
				CODE_SIGN_STYLE = Automatic;
				CURRENT_PROJECT_VERSION = 1;
				DEVELOPMENT_ASSET_PATHS = "\"PineappleOnPizza/Preview Content\"";
				DEVELOPMENT_TEAM = MMVDK47XGJ;
				ENABLE_PREVIEWS = YES;
				GENERATE_INFOPLIST_FILE = YES;
				INFOPLIST_KEY_CFBundleDisplayName = "Pineapple On Pizza";
				INFOPLIST_KEY_LSApplicationCategoryType = "public.app-category.games";
				INFOPLIST_KEY_UIApplicationSceneManifest_Generation = YES;
				INFOPLIST_KEY_UIApplicationSupportsIndirectInputEvents = YES;
				INFOPLIST_KEY_UILaunchScreen_Generation = YES;
				INFOPLIST_KEY_UISupportedInterfaceOrientations = UIInterfaceOrientationPortrait;
				INFOPLIST_KEY_UISupportedInterfaceOrientations_iPad = "UIInterfaceOrientationLandscapeLeft UIInterfaceOrientationLandscapeRight UIInterfaceOrientationPortrait UIInterfaceOrientationPortraitUpsideDown";
				IPHONEOS_DEPLOYMENT_TARGET = 16.0;
				LD_RUNPATH_SEARCH_PATHS = (
					"$(inherited)",
					"@executable_path/Frameworks",
				);
				MARKETING_VERSION = 1.0;
				PRODUCT_BUNDLE_IDENTIFIER = com.bluethunderroad.pineappleonpizza;
				PRODUCT_NAME = "Pineapple On Pizza";
				SUPPORTED_PLATFORMS = "iphoneos iphonesimulator";
				SUPPORTS_MACCATALYST = NO;
				SUPPORTS_MAC_DESIGNED_FOR_IPHONE_IPAD = NO;
				SWIFT_EMIT_LOC_STRINGS = YES;
				SWIFT_VERSION = 5.0;
				TARGETED_DEVICE_FAMILY = 1;
			};
			name = Debug;
		};
		913D46572770E46A00ABE7D3 /* Release */ = {
			isa = XCBuildConfiguration;
			buildSettings = {
				ASSETCATALOG_COMPILER_APPICON_NAME = AppIcon;
				ASSETCATALOG_COMPILER_GLOBAL_ACCENT_COLOR_NAME = AccentColor;
				CODE_SIGN_STYLE = Automatic;
				CURRENT_PROJECT_VERSION = 1;
				DEVELOPMENT_ASSET_PATHS = "\"PineappleOnPizza/Preview Content\"";
				DEVELOPMENT_TEAM = MMVDK47XGJ;
				ENABLE_PREVIEWS = YES;
				GENERATE_INFOPLIST_FILE = YES;
				INFOPLIST_KEY_CFBundleDisplayName = "Pineapple On Pizza";
				INFOPLIST_KEY_LSApplicationCategoryType = "public.app-category.games";
				INFOPLIST_KEY_UIApplicationSceneManifest_Generation = YES;
				INFOPLIST_KEY_UIApplicationSupportsIndirectInputEvents = YES;
				INFOPLIST_KEY_UILaunchScreen_Generation = YES;
				INFOPLIST_KEY_UISupportedInterfaceOrientations = UIInterfaceOrientationPortrait;
				INFOPLIST_KEY_UISupportedInterfaceOrientations_iPad = "UIInterfaceOrientationLandscapeLeft UIInterfaceOrientationLandscapeRight UIInterfaceOrientationPortrait UIInterfaceOrientationPortraitUpsideDown";
				IPHONEOS_DEPLOYMENT_TARGET = 16.0;
				LD_RUNPATH_SEARCH_PATHS = (
					"$(inherited)",
					"@executable_path/Frameworks",
				);
				MARKETING_VERSION = 1.0;
				PRODUCT_BUNDLE_IDENTIFIER = com.bluethunderroad.pineappleonpizza;
				PRODUCT_NAME = "Pineapple On Pizza";
				SUPPORTED_PLATFORMS = "iphoneos iphonesimulator";
				SUPPORTS_MACCATALYST = NO;
				SUPPORTS_MAC_DESIGNED_FOR_IPHONE_IPAD = NO;
				SWIFT_EMIT_LOC_STRINGS = YES;
				SWIFT_VERSION = 5.0;
				TARGETED_DEVICE_FAMILY = 1;
			};
			name = Release;
		};
/* End XCBuildConfiguration section */

/* Begin XCConfigurationList section */
		913D46422770E46800ABE7D3 /* Build configuration list for PBXProject "PineappleOnPizza" */ = {
			isa = XCConfigurationList;
			buildConfigurations = (
				913D46532770E46A00ABE7D3 /* Debug */,
				913D46542770E46A00ABE7D3 /* Release */,
			);
			defaultConfigurationIsVisible = 0;
			defaultConfigurationName = Release;
		};
		913D46552770E46A00ABE7D3 /* Build configuration list for PBXNativeTarget "PineappleOnPizza" */ = {
			isa = XCConfigurationList;
			buildConfigurations = (
				913D46562770E46A00ABE7D3 /* Debug */,
				913D46572770E46A00ABE7D3 /* Release */,
			);
			defaultConfigurationIsVisible = 0;
			defaultConfigurationName = Release;
		};
/* End XCConfigurationList section */

/* Begin XCRemoteSwiftPackageReference section */
		915E4138284937E700D7C234 /* XCRemoteSwiftPackageReference "realm-swift" */ = {
			isa = XCRemoteSwiftPackageReference;
			repositoryURL = "https://github.com/realm/realm-swift.git";
			requirement = {
				kind = upToNextMajorVersion;
				minimumVersion = 10.35.0;
			};
		};
/* End XCRemoteSwiftPackageReference section */

/* Begin XCSwiftPackageProductDependency section */
		915E4139284937E700D7C234 /* Realm */ = {
			isa = XCSwiftPackageProductDependency;
			package = 915E4138284937E700D7C234 /* XCRemoteSwiftPackageReference "realm-swift" */;
			productName = Realm;
		};
		915E413B284937E700D7C234 /* RealmSwift */ = {
			isa = XCSwiftPackageProductDependency;
			package = 915E4138284937E700D7C234 /* XCRemoteSwiftPackageReference "realm-swift" */;
			productName = RealmSwift;
		};
/* End XCSwiftPackageProductDependency section */
	};
	rootObject = 913D463F2770E46800ABE7D3 /* Project object */;
}
